
Microsoft Visual Studio Solution File, Format Version 12.00
# Visual Studio Version 17
VisualStudioVersion = 17.6.33829.357
MinimumVisualStudioVersion = 10.0.40219.1
Project("{9A19103F-16F7-4668-BE54-9A1E7A4F7556}") = "BankTests", "BankTest\BankTests.csproj", "{27D54558-0D95-4635-8395-C46AE49719B6}"
EndProject
Project("{9A19103F-16F7-4668-BE54-9A1E7A4F7556}") = "Bank", "..\..\Bank\Bank.csproj", "{B9BC0788-223F-41EA-BF33-292D635AD812}"
EndProject
Global
	GlobalSection(SolutionConfigurationPlatforms) = preSolution
		Debug|Any CPU = Debug|Any CPU
		Release|Any CPU = Release|Any CPU
	EndGlobalSection
	GlobalSection(ProjectConfigurationPlatforms) = postSolution
		{27D54558-0D95-4635-8395-C46AE49719B6}.Debug|Any CPU.ActiveCfg = Debug|Any CPU
		{27D54558-0D95-4635-8395-C46AE49719B6}.Debug|Any CPU.Build.0 = Debug|Any CPU
		{27D54558-0D95-4635-8395-C46AE49719B6}.Release|Any CPU.ActiveCfg = Release|Any CPU
		{27D54558-0D95-4635-8395-C46AE49719B6}.Release|Any CPU.Build.0 = Release|Any CPU
		{B9BC0788-223F-41EA-BF33-292D635AD812}.Debug|Any CPU.ActiveCfg = Debug|Any CPU
		{B9BC0788-223F-41EA-BF33-292D635AD812}.Debug|Any CPU.Build.0 = Debug|Any CPU
		{B9BC0788-223F-41EA-BF33-292D635AD812}.Release|Any CPU.ActiveCfg = Release|Any CPU
		{B9BC0788-223F-41EA-BF33-292D635AD812}.Release|Any CPU.Build.0 = Release|Any CPU
	EndGlobalSection
	GlobalSection(SolutionProperties) = preSolution
		HideSolutionNode = FALSE
	EndGlobalSection
	GlobalSection(ExtensibilityGlobals) = postSolution
		SolutionGuid = {1A30A695-5852-48B1-850B-444BD4129BC3}
	EndGlobalSection
EndGlobal
